{
    "_readme": [
        "This file locks the dependencies of your project to a known state",
        "Read more about it at https://getcomposer.org/doc/01-basic-usage.md#installing-dependencies",
        "This file is @generated automatically"
    ],
    "content-hash": "d2eb89b7ce17df08c4b0a5524c618004",
    "packages": [
        {
            "name": "smartsupp/chat-code-generator",
            "version": "1.0.2",
            "source": {
                "type": "git",
                "url": "https://github.com/smartsupp/chat-code-generator.git",
                "reference": "3d26005b68858a7dec018ae17f3d2d4d1cecc560"
            },
            "dist": {
                "type": "zip",
                "url": "https://api.github.com/repos/smartsupp/chat-code-generator/zipball/3d26005b68858a7dec018ae17f3d2d4d1cecc560",
                "reference": "3d26005b68858a7dec018ae17f3d2d4d1cecc560",
                "shasum": ""
            },
            "require": {
                "php": ">=5.3.2"
            },
            "require-dev": {
                "phpunit/phpunit": "4.8.*"
            },
            "type": "library",
            "extra": {
                "branch-alias": {
                    "dev-master": "1.0.x-dev"
                }
            },
            "autoload": {
                "psr-0": {
                    "Smartsupp": "src/"
                }
            },
            "notification-url": "https://packagist.org/downloads/",
            "authors": [
                {
                    "name": "Marek Gach",
                    "role": "lead"
                }
            ],
            "description": "This simple PHP class allows you to easily generate Smartsupp.com JS chat code.",
            "homepage": "https://www.smartsupp.com/",
            "keywords": [
                "chat"
            ],
            "time": "2020-03-11T16:38:46+00:00"
        }
    ],
    "packages-dev": [],
    "aliases": [],
    "minimum-stability": "stable",
    "stability-flags": [],
    "prefer-stable": false,
    "prefer-lowest": false,
    "platform": [],
    "platform-dev": [],
    "plugin-api-version": "1.1.0"
}
